github.com/andybalholm/brotli v1.1.1 h1:PR2pgnyFznKEugtsUo0xLdDop5SKXd5Qf5ysW+7XdTA=
github.com/andybalholm/brotli v1.1.1/go.mod h1:05ib4cKhjx3OQYUY22hTVd34Bc8upXjOLL2rKwwZBoA=
github.com/emersion/go-ical v0.0.0-20240127095438-fc1c9d8fb2b6 h1:kHoSgklT8weIDl6R6xFpBJ5IioRdBU1v2X2aCZRVCcM=
github.com/emersion/go-ical v0.0.0-20240127095438-fc1c9d8fb2b6/go.mod h1:BEksegNspIkjCQfmzWgsgbu6KdeJ/4LwUZs7DMBzjzw=
github.com/emersion/go-vcard v0.0.0-20230815062825-8fda7d206ec9/go.mod h1:HMJKR5wlh/ziNp+sHEDV2ltblO4JD2+IdDOWtGcQBTM=
github.com/emersion/go-webdav v0.7.0 h1:cp6aBWXBf8Sjzguka9VJarr4XTkGc2IHxXI1Gq3TKpA=
github.com/emersion/go-webdav v0.7.0/go.mod h1:mI8iBx3RAODwX7PJJ7qzsKAKs/vY429YfS2/9wKnDbQ=
github.com/fasthttp/router v1.5.4 h1:oxdThbBwQgsDIYZ3wR1IavsNl6ZS9WdjKukeMikOnC8=
github.com/fasthttp/router v1.5.4/go.mod h1:3/hysWq6cky7dTfzaaEPZGdptwjwx0qzTgFCKEWRjgc=
github.com/joho/godotenv v1.5.1 h1:7eLL/+HRGLY0ldzfGMeQkb7vMd0as4CfYvUVzLqw0N0=
github.com/joho/godotenv v1.5.1/go.mod h1:f4LDr5Voq0i2e/R5DDNOoa2zzDfwtkZa6DnEwAbqwq4=
github.com/klauspost/compress v1.17.11 h1:In6xLpyWOi1+C7tXUUWv2ot1QvBjxevKAaI6IXrJmUc=
github.com/klauspost/compress v1.17.11/go.mod h1:pMDklpSncoRMuLFrf1W9Ss9KT+0rH90U12bZKk7uwG0=
github.com/phuslu/log v1.0.120 h1:ok+KEfGEz4RM9iyiJ5NhMa0KspywxT55EkpIL2YOzzo=
github.com/phuslu/log v1.0.120/go.mod h1:F8osGJADo5qLK/0F88djWwdyoZZ9xDJQL1HYRHFEkS0=
github.com/savsgio/gotils v0.0.0-20240704082632-aef3928b8a38 h1:D0vL7YNisV2yqE55+q0lFuGse6U8lxlg7fYTctlT5Gc=
github.com/savsgio/gotils v0.0.0-20240704082632-aef3928b8a38/go.mod h1:sM7Mt7uEoCeFSCBM+qBrqvEo+/9vdmj19wzp3yzUhmg=
github.com/teambition/rrule-go v1.8.2 h1:lIjpjvWTj9fFUZCmuoVDrKVOtdiyzbzc93qTmRVe/J8=
github.com/teambition/rrule-go v1.8.2/go.mod h1:Ieq5AbrKGciP1V//Wq8ktsTXwSwJHDD5mD/wLBGl3p4=
github.com/valyala/bytebufferpool v1.0.0 h1:GqA5TC/0021Y/b9FG4Oi9Mr3q7XYx6KllzawFIhcdPw=
github.com/valyala/bytebufferpool v1.0.0/go.mod h1:6bBcMArwyJ5K/AmCkWv1jt77kVWyCJ6HpOuEn7z0Csc=
github.com/valyala/fasthttp v1.58.0 h1:GGB2dWxSbEprU9j0iMJHgdKYJVDyjrOwF9RE59PbRuE=
github.com/valyala/fasthttp v1.58.0/go.mod h1:SYXvHHaFp7QZHGKSHmoMipInhrI5StHrhDTYVEjK/Kw=
github.com/xyproto/randomstring v1.0.5 h1:YtlWPoRdgMu3NZtP45drfy1GKoojuR7hmRcnhZqKjWU=
github.com/xyproto/randomstring v1.0.5/go.mod h1:rgmS5DeNXLivK7YprL0pY+lTuhNQW3iGxZ18UQApw/E=
